PODS:
  - SCLAlertView (0.8.1)
  - SnapKit (5.0.1)

DEPENDENCIES:
  - SCLAlertView (from `https://github.com/vikmeup/SCLAlertView-Swift.git`, branch `master`)
  - SnapKit

SPEC REPOS:
  trunk:
    - SnapKit

EXTERNAL SOURCES:
  SCLAlertView:
    :branch: master
    :git: https://github.com/vikmeup/SCLAlertView-Swift.git

CHECKOUT OPTIONS:
  SCLAlertView:
    :commit: f08ec93c299a221210e59462c84c79410050e5b7
    :git: https://github.com/vikmeup/SCLAlertView-Swift.git

SPEC CHECKSUMS:
  SCLAlertView: 776813fb1f62248965f37cb7edf4088ee6394460
  SnapKit: 97b92857e3df3a0c71833cce143274bf6ef8e5eb

PODFILE CHECKSUM: 3cf51ccdf41e13bdfd740b277d514d5ee27e2bcd

COCOAPODS: 1.9.3
