PODS:
  - SCLAlertView (0.8)
  - SnapKit (4.0.1)

DEPENDENCIES:
  - SCLAlertView
  - SnapKit (~> 4.0.0)

SPEC REPOS:
  https://github.com/cocoapods/specs.git:
    - SCLAlertView
    - SnapKit

SPEC CHECKSUMS:
  SCLAlertView: 6a77bb2edfc65e04dbe57725546cb4107a506b85
  SnapKit: 0de968a9fec17499afa29683b05d0c775b6d1c29

PODFILE CHECKSUM: ada9dbb50a8314da0c6d2b690b24c3623d84c717

COCOAPODS: 1.5.3
