// !$*UTF8*$!
{
	archiveVersion = 1;
	classes = {
	};
	objectVersion = 50;
	objects = {

/* Begin PBXBuildFile section */
		87D5DAB80C0DB96070F89EB7 /* Pods_CollageBot.framework in Frameworks */ = {isa = PBXBuildFile; fileRef = 73F7D365DAAA0E87D7E04990 /* Pods_CollageBot.framework */; };
		9D1032172181575600A63E4F /* AppDelegate.swift in Sources */ = {isa = PBXBuildFile; fileRef = 9D1032162181575600A63E4F /* AppDelegate.swift */; };
		9D10321C2181575600A63E4F /* Main.storyboard in Resources */ = {isa = PBXBuildFile; fileRef = 9D10321A2181575600A63E4F /* Main.storyboard */; };
		9D10321E2181575700A63E4F /* Assets.xcassets in Resources */ = {isa = PBXBuildFile; fileRef = 9D10321D2181575700A63E4F /* Assets.xcassets */; };
		9D1032212181575700A63E4F /* LaunchScreen.storyboard in Resources */ = {isa = PBXBuildFile; fileRef = 9D10321F2181575700A63E4F /* LaunchScreen.storyboard */; };
		9D1032292181580A00A63E4F /* Secrets.swift in Sources */ = {isa = PBXBuildFile; fileRef = 9D1032282181580A00A63E4F /* Secrets.swift */; };
		9D10322B2183E2C900A63E4F /* LastfmAPIClient.swift in Sources */ = {isa = PBXBuildFile; fileRef = 9D10322A2183E2C900A63E4F /* LastfmAPIClient.swift */; };
		9D10322D21841E8200A63E4F /* Album.swift in Sources */ = {isa = PBXBuildFile; fileRef = 9D10322C21841E8200A63E4F /* Album.swift */; };
		9D39F3FF219A88D100223F31 /* Utilities.swift in Sources */ = {isa = PBXBuildFile; fileRef = 9D39F3FE219A88D100223F31 /* Utilities.swift */; };
		9D41D1982197AC0A007A8C91 /* GridSelectionView.swift in Sources */ = {isa = PBXBuildFile; fileRef = 9D41D1972197AC0A007A8C91 /* GridSelectionView.swift */; };
		9D41D19A2197AEDC007A8C91 /* SquareGridButton.swift in Sources */ = {isa = PBXBuildFile; fileRef = 9D41D1992197AEDC007A8C91 /* SquareGridButton.swift */; };
		9D41D19C2198DAEB007A8C91 /* Timeframe.swift in Sources */ = {isa = PBXBuildFile; fileRef = 9D41D19B2198DAEB007A8C91 /* Timeframe.swift */; };
		9D5B5ADC218AB3EA00F3B467 /* InformationEntryViewController.swift in Sources */ = {isa = PBXBuildFile; fileRef = 9D5B5ADB218AB3EA00F3B467 /* InformationEntryViewController.swift */; };
		9D5B5ADE218B817700F3B467 /* CollageDisplayViewController.swift in Sources */ = {isa = PBXBuildFile; fileRef = 9D5B5ADD218B817700F3B467 /* CollageDisplayViewController.swift */; };
		9D5B5AE0218BC35A00F3B467 /* CollageCreator.swift in Sources */ = {isa = PBXBuildFile; fileRef = 9D5B5ADF218BC35A00F3B467 /* CollageCreator.swift */; };
		9D5B5AE2218BC82D00F3B467 /* Date+Conversion.swift in Sources */ = {isa = PBXBuildFile; fileRef = 9D5B5AE1218BC82D00F3B467 /* Date+Conversion.swift */; };
		9D5B5AEA218DF0CE00F3B467 /* ImageDownloader.swift in Sources */ = {isa = PBXBuildFile; fileRef = 9D5B5AE9218DF0CE00F3B467 /* ImageDownloader.swift */; };
		9D5B5AEC218F38EE00F3B467 /* Constants.swift in Sources */ = {isa = PBXBuildFile; fileRef = 9D5B5AEB218F38EE00F3B467 /* Constants.swift */; };
		9DA8DAD0219D2A9400631575 /* UIFont+CollageBot.swift in Sources */ = {isa = PBXBuildFile; fileRef = 9DA8DACF219D2A9400631575 /* UIFont+CollageBot.swift */; };
		9DA8DAD5219D2D0B00631575 /* Comfortaa_Regular.ttf in Resources */ = {isa = PBXBuildFile; fileRef = 9DA8DAD2219D2D0B00631575 /* Comfortaa_Regular.ttf */; };
		9DA8DAD6219D2D0B00631575 /* Comfortaa_Thin.ttf in Resources */ = {isa = PBXBuildFile; fileRef = 9DA8DAD3219D2D0B00631575 /* Comfortaa_Thin.ttf */; };
		9DA8DAD7219D2D0B00631575 /* Comfortaa_Bold.ttf in Resources */ = {isa = PBXBuildFile; fileRef = 9DA8DAD4219D2D0B00631575 /* Comfortaa_Bold.ttf */; };
/* End PBXBuildFile section */

/* Begin PBXFileReference section */
		73F7D365DAAA0E87D7E04990 /* Pods_CollageBot.framework */ = {isa = PBXFileReference; explicitFileType = wrapper.framework; includeInIndex = 0; path = Pods_CollageBot.framework; sourceTree = BUILT_PRODUCTS_DIR; };
		96623871799726442F9B5EDA /* Pods-CollageBot.debug.xcconfig */ = {isa = PBXFileReference; includeInIndex = 1; lastKnownFileType = text.xcconfig; name = "Pods-CollageBot.debug.xcconfig"; path = "Pods/Target Support Files/Pods-CollageBot/Pods-CollageBot.debug.xcconfig"; sourceTree = "<group>"; };
		9D1032132181575600A63E4F /* CollageBot.app */ = {isa = PBXFileReference; explicitFileType = wrapper.application; includeInIndex = 0; path = CollageBot.app; sourceTree = BUILT_PRODUCTS_DIR; };
		9D1032162181575600A63E4F /* AppDelegate.swift */ = {isa = PBXFileReference; lastKnownFileType = sourcecode.swift; path = AppDelegate.swift; sourceTree = "<group>"; };
		9D10321B2181575600A63E4F /* Base */ = {isa = PBXFileReference; lastKnownFileType = file.storyboard; name = Base; path = Base.lproj/Main.storyboard; sourceTree = "<group>"; };
		9D10321D2181575700A63E4F /* Assets.xcassets */ = {isa = PBXFileReference; lastKnownFileType = folder.assetcatalog; path = Assets.xcassets; sourceTree = "<group>"; };
		9D1032202181575700A63E4F /* Base */ = {isa = PBXFileReference; lastKnownFileType = file.storyboard; name = Base; path = Base.lproj/LaunchScreen.storyboard; sourceTree = "<group>"; };
		9D1032222181575700A63E4F /* Info.plist */ = {isa = PBXFileReference; lastKnownFileType = text.plist.xml; path = Info.plist; sourceTree = "<group>"; };
		9D1032282181580A00A63E4F /* Secrets.swift */ = {isa = PBXFileReference; lastKnownFileType = sourcecode.swift; path = Secrets.swift; sourceTree = "<group>"; };
		9D10322A2183E2C900A63E4F /* LastfmAPIClient.swift */ = {isa = PBXFileReference; lastKnownFileType = sourcecode.swift; path = LastfmAPIClient.swift; sourceTree = "<group>"; };
		9D10322C21841E8200A63E4F /* Album.swift */ = {isa = PBXFileReference; lastKnownFileType = sourcecode.swift; path = Album.swift; sourceTree = "<group>"; };
		9D39F3FE219A88D100223F31 /* Utilities.swift */ = {isa = PBXFileReference; lastKnownFileType = sourcecode.swift; path = Utilities.swift; sourceTree = "<group>"; };
		9D41D1972197AC0A007A8C91 /* GridSelectionView.swift */ = {isa = PBXFileReference; lastKnownFileType = sourcecode.swift; path = GridSelectionView.swift; sourceTree = "<group>"; };
		9D41D1992197AEDC007A8C91 /* SquareGridButton.swift */ = {isa = PBXFileReference; lastKnownFileType = sourcecode.swift; path = SquareGridButton.swift; sourceTree = "<group>"; };
		9D41D19B2198DAEB007A8C91 /* Timeframe.swift */ = {isa = PBXFileReference; lastKnownFileType = sourcecode.swift; path = Timeframe.swift; sourceTree = "<group>"; };
		9D5B5ADB218AB3EA00F3B467 /* InformationEntryViewController.swift */ = {isa = PBXFileReference; lastKnownFileType = sourcecode.swift; path = InformationEntryViewController.swift; sourceTree = "<group>"; };
		9D5B5ADD218B817700F3B467 /* CollageDisplayViewController.swift */ = {isa = PBXFileReference; lastKnownFileType = sourcecode.swift; path = CollageDisplayViewController.swift; sourceTree = "<group>"; };
		9D5B5ADF218BC35A00F3B467 /* CollageCreator.swift */ = {isa = PBXFileReference; lastKnownFileType = sourcecode.swift; path = CollageCreator.swift; sourceTree = "<group>"; };
		9D5B5AE1218BC82D00F3B467 /* Date+Conversion.swift */ = {isa = PBXFileReference; lastKnownFileType = sourcecode.swift; path = "Date+Conversion.swift"; sourceTree = "<group>"; };
		9D5B5AE9218DF0CE00F3B467 /* ImageDownloader.swift */ = {isa = PBXFileReference; lastKnownFileType = sourcecode.swift; path = ImageDownloader.swift; sourceTree = "<group>"; };
		9D5B5AEB218F38EE00F3B467 /* Constants.swift */ = {isa = PBXFileReference; lastKnownFileType = sourcecode.swift; path = Constants.swift; sourceTree = "<group>"; };
		9DA8DACF219D2A9400631575 /* UIFont+CollageBot.swift */ = {isa = PBXFileReference; lastKnownFileType = sourcecode.swift; path = "UIFont+CollageBot.swift"; sourceTree = "<group>"; };
		9DA8DAD2219D2D0B00631575 /* Comfortaa_Regular.ttf */ = {isa = PBXFileReference; lastKnownFileType = file; path = Comfortaa_Regular.ttf; sourceTree = "<group>"; };
		9DA8DAD3219D2D0B00631575 /* Comfortaa_Thin.ttf */ = {isa = PBXFileReference; lastKnownFileType = file; path = Comfortaa_Thin.ttf; sourceTree = "<group>"; };
		9DA8DAD4219D2D0B00631575 /* Comfortaa_Bold.ttf */ = {isa = PBXFileReference; lastKnownFileType = file; path = Comfortaa_Bold.ttf; sourceTree = "<group>"; };
		E29BA66ADBA8021D8BC62125 /* Pods-CollageBot.release.xcconfig */ = {isa = PBXFileReference; includeInIndex = 1; lastKnownFileType = text.xcconfig; name = "Pods-CollageBot.release.xcconfig"; path = "Pods/Target Support Files/Pods-CollageBot/Pods-CollageBot.release.xcconfig"; sourceTree = "<group>"; };
/* End PBXFileReference section */

/* Begin PBXFrameworksBuildPhase section */
		9D1032102181575600A63E4F /* Frameworks */ = {
			isa = PBXFrameworksBuildPhase;
			buildActionMask = 2147483647;
			files = (
				87D5DAB80C0DB96070F89EB7 /* Pods_CollageBot.framework in Frameworks */,
			);
			runOnlyForDeploymentPostprocessing = 0;
		};
/* End PBXFrameworksBuildPhase section */

/* Begin PBXGroup section */
		79CC3D3EC3466418794E4A9A /* Frameworks */ = {
			isa = PBXGroup;
			children = (
				73F7D365DAAA0E87D7E04990 /* Pods_CollageBot.framework */,
			);
			name = Frameworks;
			sourceTree = "<group>";
		};
		9D10320A2181575600A63E4F = {
			isa = PBXGroup;
			children = (
				9D1032152181575600A63E4F /* CollageBot */,
				9D1032142181575600A63E4F /* Products */,
				AE873B991D57B168FE70C9DA /* Pods */,
				79CC3D3EC3466418794E4A9A /* Frameworks */,
			);
			sourceTree = "<group>";
		};
		9D1032142181575600A63E4F /* Products */ = {
			isa = PBXGroup;
			children = (
				9D1032132181575600A63E4F /* CollageBot.app */,
			);
			name = Products;
			sourceTree = "<group>";
		};
		9D1032152181575600A63E4F /* CollageBot */ = {
			isa = PBXGroup;
			children = (
				9D5B5AE8218BC8C400F3B467 /* API */,
				9D5B5AE6218BC87E00F3B467 /* Assets+Application Support */,
				9D5B5AE7218BC8B000F3B467 /* Custom Classes */,
				9D5B5AE5218BC87400F3B467 /* Helpers */,
				9D5B5AE4218BC86E00F3B467 /* Storyboards */,
				9D5B5AE3218BC86300F3B467 /* View Controllers */,
			);
			path = CollageBot;
			sourceTree = "<group>";
		};
		9D5B5AE3218BC86300F3B467 /* View Controllers */ = {
			isa = PBXGroup;
			children = (
				9D5B5ADB218AB3EA00F3B467 /* InformationEntryViewController.swift */,
				9D5B5ADD218B817700F3B467 /* CollageDisplayViewController.swift */,
			);
			path = "View Controllers";
			sourceTree = "<group>";
		};
		9D5B5AE4218BC86E00F3B467 /* Storyboards */ = {
			isa = PBXGroup;
			children = (
				9D10321A2181575600A63E4F /* Main.storyboard */,
				9D10321F2181575700A63E4F /* LaunchScreen.storyboard */,
			);
			path = Storyboards;
			sourceTree = "<group>";
		};
		9D5B5AE5218BC87400F3B467 /* Helpers */ = {
			isa = PBXGroup;
			children = (
				9D5B5AE1218BC82D00F3B467 /* Date+Conversion.swift */,
				9D5B5AEB218F38EE00F3B467 /* Constants.swift */,
				9D39F3FE219A88D100223F31 /* Utilities.swift */,
				9DA8DACF219D2A9400631575 /* UIFont+CollageBot.swift */,
			);
			path = Helpers;
			sourceTree = "<group>";
		};
		9D5B5AE6218BC87E00F3B467 /* Assets+Application Support */ = {
			isa = PBXGroup;
			children = (
				9DA8DAD1219D2CF200631575 /* Fonts */,
				9D1032162181575600A63E4F /* AppDelegate.swift */,
				9D10321D2181575700A63E4F /* Assets.xcassets */,
				9D1032222181575700A63E4F /* Info.plist */,
			);
			path = "Assets+Application Support";
			sourceTree = "<group>";
		};
		9D5B5AE7218BC8B000F3B467 /* Custom Classes */ = {
			isa = PBXGroup;
			children = (
				9D10322C21841E8200A63E4F /* Album.swift */,
				9D5B5ADF218BC35A00F3B467 /* CollageCreator.swift */,
				9D41D1972197AC0A007A8C91 /* GridSelectionView.swift */,
				9D41D1992197AEDC007A8C91 /* SquareGridButton.swift */,
				9D41D19B2198DAEB007A8C91 /* Timeframe.swift */,
			);
			path = "Custom Classes";
			sourceTree = "<group>";
		};
		9D5B5AE8218BC8C400F3B467 /* API */ = {
			isa = PBXGroup;
			children = (
				9D1032282181580A00A63E4F /* Secrets.swift */,
				9D10322A2183E2C900A63E4F /* LastfmAPIClient.swift */,
				9D5B5AE9218DF0CE00F3B467 /* ImageDownloader.swift */,
			);
			path = API;
			sourceTree = "<group>";
		};
		9DA8DAD1219D2CF200631575 /* Fonts */ = {
			isa = PBXGroup;
			children = (
				9DA8DAD4219D2D0B00631575 /* Comfortaa_Bold.ttf */,
				9DA8DAD2219D2D0B00631575 /* Comfortaa_Regular.ttf */,
				9DA8DAD3219D2D0B00631575 /* Comfortaa_Thin.ttf */,
			);
			path = Fonts;
			sourceTree = "<group>";
		};
		AE873B991D57B168FE70C9DA /* Pods */ = {
			isa = PBXGroup;
			children = (
				96623871799726442F9B5EDA /* Pods-CollageBot.debug.xcconfig */,
				E29BA66ADBA8021D8BC62125 /* Pods-CollageBot.release.xcconfig */,
			);
			name = Pods;
			sourceTree = "<group>";
		};
/* End PBXGroup section */

/* Begin PBXNativeTarget section */
		9D1032122181575600A63E4F /* CollageBot */ = {
			isa = PBXNativeTarget;
			buildConfigurationList = 9D1032252181575700A63E4F /* Build configuration list for PBXNativeTarget "CollageBot" */;
			buildPhases = (
				4EB6489A780D56BFE6CCD467 /* [CP] Check Pods Manifest.lock */,
				9D10320F2181575600A63E4F /* Sources */,
				9D1032102181575600A63E4F /* Frameworks */,
				9D1032112181575600A63E4F /* Resources */,
				1511BBE128E393F65DBC7B1B /* [CP] Embed Pods Frameworks */,
			);
			buildRules = (
			);
			dependencies = (
			);
			name = CollageBot;
			productName = CollageBot;
			productReference = 9D1032132181575600A63E4F /* CollageBot.app */;
			productType = "com.apple.product-type.application";
		};
/* End PBXNativeTarget section */

/* Begin PBXProject section */
		9D10320B2181575600A63E4F /* Project object */ = {
			isa = PBXProject;
			attributes = {
				LastSwiftUpdateCheck = 1000;
				LastUpgradeCheck = 1000;
				ORGANIZATIONNAME = "Haaris Muneer";
				TargetAttributes = {
					9D1032122181575600A63E4F = {
						CreatedOnToolsVersion = 10.0;
					};
				};
			};
			buildConfigurationList = 9D10320E2181575600A63E4F /* Build configuration list for PBXProject "CollageBot" */;
			compatibilityVersion = "Xcode 9.3";
			developmentRegion = en;
			hasScannedForEncodings = 0;
			knownRegions = (
				en,
				Base,
			);
			mainGroup = 9D10320A2181575600A63E4F;
			productRefGroup = 9D1032142181575600A63E4F /* Products */;
			projectDirPath = "";
			projectRoot = "";
			targets = (
				9D1032122181575600A63E4F /* CollageBot */,
			);
		};
/* End PBXProject section */

/* Begin PBXResourcesBuildPhase section */
		9D1032112181575600A63E4F /* Resources */ = {
			isa = PBXResourcesBuildPhase;
			buildActionMask = 2147483647;
			files = (
				9D1032212181575700A63E4F /* LaunchScreen.storyboard in Resources */,
				9D10321E2181575700A63E4F /* Assets.xcassets in Resources */,
				9DA8DAD6219D2D0B00631575 /* Comfortaa_Thin.ttf in Resources */,
				9DA8DAD5219D2D0B00631575 /* Comfortaa_Regular.ttf in Resources */,
				9DA8DAD7219D2D0B00631575 /* Comfortaa_Bold.ttf in Resources */,
				9D10321C2181575600A63E4F /* Main.storyboard in Resources */,
			);
			runOnlyForDeploymentPostprocessing = 0;
		};
/* End PBXResourcesBuildPhase section */

/* Begin PBXShellScriptBuildPhase section */
		1511BBE128E393F65DBC7B1B /* [CP] Embed Pods Frameworks */ = {
			isa = PBXShellScriptBuildPhase;
			buildActionMask = 2147483647;
			files = (
			);
			inputFileListPaths = (
			);
			inputPaths = (
				"${SRCROOT}/Pods/Target Support Files/Pods-CollageBot/Pods-CollageBot-frameworks.sh",
				"${BUILT_PRODUCTS_DIR}/PromisesObjC/FBLPromises.framework",
				"${BUILT_PRODUCTS_DIR}/PromisesSwift/Promises.framework",
				"${BUILT_PRODUCTS_DIR}/SnapKit/SnapKit.framework",
			);
			name = "[CP] Embed Pods Frameworks";
			outputFileListPaths = (
			);
			outputPaths = (
				"${TARGET_BUILD_DIR}/${FRAMEWORKS_FOLDER_PATH}/FBLPromises.framework",
				"${TARGET_BUILD_DIR}/${FRAMEWORKS_FOLDER_PATH}/Promises.framework",
				"${TARGET_BUILD_DIR}/${FRAMEWORKS_FOLDER_PATH}/SnapKit.framework",
			);
			runOnlyForDeploymentPostprocessing = 0;
			shellPath = /bin/sh;
			shellScript = "\"${SRCROOT}/Pods/Target Support Files/Pods-CollageBot/Pods-CollageBot-frameworks.sh\"\n";
			showEnvVarsInLog = 0;
		};
		4EB6489A780D56BFE6CCD467 /* [CP] Check Pods Manifest.lock */ = {
			isa = PBXShellScriptBuildPhase;
			buildActionMask = 2147483647;
			files = (
			);
			inputFileListPaths = (
			);
			inputPaths = (
				"${PODS_PODFILE_DIR_PATH}/Podfile.lock",
				"${PODS_ROOT}/Manifest.lock",
			);
			name = "[CP] Check Pods Manifest.lock";
			outputFileListPaths = (
			);
			outputPaths = (
				"$(DERIVED_FILE_DIR)/Pods-CollageBot-checkManifestLockResult.txt",
			);
			runOnlyForDeploymentPostprocessing = 0;
			shellPath = /bin/sh;
			shellScript = "diff \"${PODS_PODFILE_DIR_PATH}/Podfile.lock\" \"${PODS_ROOT}/Manifest.lock\" > /dev/null\nif [ $? != 0 ] ; then\n    # print error to STDERR\n    echo \"error: The sandbox is not in sync with the Podfile.lock. Run 'pod install' or update your CocoaPods installation.\" >&2\n    exit 1\nfi\n# This output is used by Xcode 'outputs' to avoid re-running this script phase.\necho \"SUCCESS\" > \"${SCRIPT_OUTPUT_FILE_0}\"\n";
			showEnvVarsInLog = 0;
		};
/* End PBXShellScriptBuildPhase section */

/* Begin PBXSourcesBuildPhase section */
		9D10320F2181575600A63E4F /* Sources */ = {
			isa = PBXSourcesBuildPhase;
			buildActionMask = 2147483647;
			files = (
				9D5B5AE0218BC35A00F3B467 /* CollageCreator.swift in Sources */,
				9D41D1982197AC0A007A8C91 /* GridSelectionView.swift in Sources */,
				9D39F3FF219A88D100223F31 /* Utilities.swift in Sources */,
				9D5B5ADC218AB3EA00F3B467 /* InformationEntryViewController.swift in Sources */,
				9D41D19C2198DAEB007A8C91 /* Timeframe.swift in Sources */,
				9D1032172181575600A63E4F /* AppDelegate.swift in Sources */,
				9D41D19A2197AEDC007A8C91 /* SquareGridButton.swift in Sources */,
				9D10322D21841E8200A63E4F /* Album.swift in Sources */,
				9D5B5ADE218B817700F3B467 /* CollageDisplayViewController.swift in Sources */,
				9D5B5AEC218F38EE00F3B467 /* Constants.swift in Sources */,
				9D5B5AE2218BC82D00F3B467 /* Date+Conversion.swift in Sources */,
				9DA8DAD0219D2A9400631575 /* UIFont+CollageBot.swift in Sources */,
				9D1032292181580A00A63E4F /* Secrets.swift in Sources */,
				9D5B5AEA218DF0CE00F3B467 /* ImageDownloader.swift in Sources */,
				9D10322B2183E2C900A63E4F /* LastfmAPIClient.swift in Sources */,
			);
			runOnlyForDeploymentPostprocessing = 0;
		};
/* End PBXSourcesBuildPhase section */

/* Begin PBXVariantGroup section */
		9D10321A2181575600A63E4F /* Main.storyboard */ = {
			isa = PBXVariantGroup;
			children = (
				9D10321B2181575600A63E4F /* Base */,
			);
			name = Main.storyboard;
			sourceTree = "<group>";
		};
		9D10321F2181575700A63E4F /* LaunchScreen.storyboard */ = {
			isa = PBXVariantGroup;
			children = (
				9D1032202181575700A63E4F /* Base */,
			);
			name = LaunchScreen.storyboard;
			sourceTree = "<group>";
		};
/* End PBXVariantGroup section */

/* Begin XCBuildConfiguration section */
		9D1032232181575700A63E4F /* Debug */ = {
			isa = XCBuildConfiguration;
			buildSettings = {
				ALWAYS_SEARCH_USER_PATHS = NO;
				CLANG_ANALYZER_NONNULL = YES;
				CLANG_ANALYZER_NUMBER_OBJECT_CONVERSION = YES_AGGRESSIVE;
				CLANG_CXX_LANGUAGE_STANDARD = "gnu++14";
				CLANG_CXX_LIBRARY = "libc++";
				CLANG_ENABLE_MODULES = YES;
				CLANG_ENABLE_OBJC_ARC = YES;
				CLANG_ENABLE_OBJC_WEAK = YES;
				CLANG_WARN_BLOCK_CAPTURE_AUTORELEASING = YES;
				CLANG_WARN_BOOL_CONVERSION = YES;
				CLANG_WARN_COMMA = YES;
				CLANG_WARN_CONSTANT_CONVERSION = YES;
				CLANG_WARN_DEPRECATED_OBJC_IMPLEMENTATIONS = YES;
				CLANG_WARN_DIRECT_OBJC_ISA_USAGE = YES_ERROR;
				CLANG_WARN_DOCUMENTATION_COMMENTS = YES;
				CLANG_WARN_EMPTY_BODY = YES;
				CLANG_WARN_ENUM_CONVERSION = YES;
				CLANG_WARN_INFINITE_RECURSION = YES;
				CLANG_WARN_INT_CONVERSION = YES;
				CLANG_WARN_NON_LITERAL_NULL_CONVERSION = YES;
				CLANG_WARN_OBJC_IMPLICIT_RETAIN_SELF = YES;
				CLANG_WARN_OBJC_LITERAL_CONVERSION = YES;
				CLANG_WARN_OBJC_ROOT_CLASS = YES_ERROR;
				CLANG_WARN_RANGE_LOOP_ANALYSIS = YES;
				CLANG_WARN_STRICT_PROTOTYPES = YES;
				CLANG_WARN_SUSPICIOUS_MOVE = YES;
				CLANG_WARN_UNGUARDED_AVAILABILITY = YES_AGGRESSIVE;
				CLANG_WARN_UNREACHABLE_CODE = YES;
				CLANG_WARN__DUPLICATE_METHOD_MATCH = YES;
				CODE_SIGN_IDENTITY = "iPhone Developer";
				COPY_PHASE_STRIP = NO;
				DEBUG_INFORMATION_FORMAT = dwarf;
				ENABLE_STRICT_OBJC_MSGSEND = YES;
				ENABLE_TESTABILITY = YES;
				GCC_C_LANGUAGE_STANDARD = gnu11;
				GCC_DYNAMIC_NO_PIC = NO;
				GCC_NO_COMMON_BLOCKS = YES;
				GCC_OPTIMIZATION_LEVEL = 0;
				GCC_PREPROCESSOR_DEFINITIONS = (
					"DEBUG=1",
					"$(inherited)",
				);
				GCC_WARN_64_TO_32_BIT_CONVERSION = YES;
				GCC_WARN_ABOUT_RETURN_TYPE = YES_ERROR;
				GCC_WARN_UNDECLARED_SELECTOR = YES;
				GCC_WARN_UNINITIALIZED_AUTOS = YES_AGGRESSIVE;
				GCC_WARN_UNUSED_FUNCTION = YES;
				GCC_WARN_UNUSED_VARIABLE = YES;
				IPHONEOS_DEPLOYMENT_TARGET = 12.0;
				MTL_ENABLE_DEBUG_INFO = INCLUDE_SOURCE;
				MTL_FAST_MATH = YES;
				ONLY_ACTIVE_ARCH = YES;
				SDKROOT = iphoneos;
				SWIFT_ACTIVE_COMPILATION_CONDITIONS = DEBUG;
				SWIFT_OPTIMIZATION_LEVEL = "-Onone";
			};
			name = Debug;
		};
		9D1032242181575700A63E4F /* Release */ = {
			isa = XCBuildConfiguration;
			buildSettings = {
				ALWAYS_SEARCH_USER_PATHS = NO;
				CLANG_ANALYZER_NONNULL = YES;
				CLANG_ANALYZER_NUMBER_OBJECT_CONVERSION = YES_AGGRESSIVE;
				CLANG_CXX_LANGUAGE_STANDARD = "gnu++14";
				CLANG_CXX_LIBRARY = "libc++";
				CLANG_ENABLE_MODULES = YES;
				CLANG_ENABLE_OBJC_ARC = YES;
				CLANG_ENABLE_OBJC_WEAK = YES;
				CLANG_WARN_BLOCK_CAPTURE_AUTORELEASING = YES;
				CLANG_WARN_BOOL_CONVERSION = YES;
				CLANG_WARN_COMMA = YES;
				CLANG_WARN_CONSTANT_CONVERSION = YES;
				CLANG_WARN_DEPRECATED_OBJC_IMPLEMENTATIONS = YES;
				CLANG_WARN_DIRECT_OBJC_ISA_USAGE = YES_ERROR;
				CLANG_WARN_DOCUMENTATION_COMMENTS = YES;
				CLANG_WARN_EMPTY_BODY = YES;
				CLANG_WARN_ENUM_CONVERSION = YES;
				CLANG_WARN_INFINITE_RECURSION = YES;
				CLANG_WARN_INT_CONVERSION = YES;
				CLANG_WARN_NON_LITERAL_NULL_CONVERSION = YES;
				CLANG_WARN_OBJC_IMPLICIT_RETAIN_SELF = YES;
				CLANG_WARN_OBJC_LITERAL_CONVERSION = YES;
				CLANG_WARN_OBJC_ROOT_CLASS = YES_ERROR;
				CLANG_WARN_RANGE_LOOP_ANALYSIS = YES;
				CLANG_WARN_STRICT_PROTOTYPES = YES;
				CLANG_WARN_SUSPICIOUS_MOVE = YES;
				CLANG_WARN_UNGUARDED_AVAILABILITY = YES_AGGRESSIVE;
				CLANG_WARN_UNREACHABLE_CODE = YES;
				CLANG_WARN__DUPLICATE_METHOD_MATCH = YES;
				CODE_SIGN_IDENTITY = "iPhone Developer";
				COPY_PHASE_STRIP = NO;
				DEBUG_INFORMATION_FORMAT = "dwarf-with-dsym";
				ENABLE_NS_ASSERTIONS = NO;
				ENABLE_STRICT_OBJC_MSGSEND = YES;
				GCC_C_LANGUAGE_STANDARD = gnu11;
				GCC_NO_COMMON_BLOCKS = YES;
				GCC_WARN_64_TO_32_BIT_CONVERSION = YES;
				GCC_WARN_ABOUT_RETURN_TYPE = YES_ERROR;
				GCC_WARN_UNDECLARED_SELECTOR = YES;
				GCC_WARN_UNINITIALIZED_AUTOS = YES_AGGRESSIVE;
				GCC_WARN_UNUSED_FUNCTION = YES;
				GCC_WARN_UNUSED_VARIABLE = YES;
				IPHONEOS_DEPLOYMENT_TARGET = 12.0;
				MTL_ENABLE_DEBUG_INFO = NO;
				MTL_FAST_MATH = YES;
				SDKROOT = iphoneos;
				SWIFT_COMPILATION_MODE = wholemodule;
				SWIFT_OPTIMIZATION_LEVEL = "-O";
				VALIDATE_PRODUCT = YES;
			};
			name = Release;
		};
		9D1032262181575700A63E4F /* Debug */ = {
			isa = XCBuildConfiguration;
			baseConfigurationReference = 96623871799726442F9B5EDA /* Pods-CollageBot.debug.xcconfig */;
			buildSettings = {
				ASSETCATALOG_COMPILER_APPICON_NAME = AppIcon;
				CODE_SIGN_STYLE = Automatic;
				DEVELOPMENT_TEAM = HKWV3QPGW3;
				INFOPLIST_FILE = "$(SRCROOT)/CollageBot/Assets+Application Support/Info.plist";
				LD_RUNPATH_SEARCH_PATHS = (
					"$(inherited)",
					"@executable_path/Frameworks",
				);
				PRODUCT_BUNDLE_IDENTIFIER = com.haarismuneer.CollageBot;
				PRODUCT_NAME = "$(TARGET_NAME)";
				SWIFT_VERSION = 4.2;
				TARGETED_DEVICE_FAMILY = "1,2";
			};
			name = Debug;
		};
		9D1032272181575700A63E4F /* Release */ = {
			isa = XCBuildConfiguration;
			baseConfigurationReference = E29BA66ADBA8021D8BC62125 /* Pods-CollageBot.release.xcconfig */;
			buildSettings = {
				ASSETCATALOG_COMPILER_APPICON_NAME = AppIcon;
				CODE_SIGN_STYLE = Automatic;
				DEVELOPMENT_TEAM = HKWV3QPGW3;
				INFOPLIST_FILE = "$(SRCROOT)/CollageBot/Assets+Application Support/Info.plist";
				LD_RUNPATH_SEARCH_PATHS = (
					"$(inherited)",
					"@executable_path/Frameworks",
				);
				PRODUCT_BUNDLE_IDENTIFIER = com.haarismuneer.CollageBot;
				PRODUCT_NAME = "$(TARGET_NAME)";
				SWIFT_VERSION = 4.2;
				TARGETED_DEVICE_FAMILY = "1,2";
			};
			name = Release;
		};
/* End XCBuildConfiguration section */

/* Begin XCConfigurationList section */
		9D10320E2181575600A63E4F /* Build configuration list for PBXProject "CollageBot" */ = {
			isa = XCConfigurationList;
			buildConfigurations = (
				9D1032232181575700A63E4F /* Debug */,
				9D1032242181575700A63E4F /* Release */,
			);
			defaultConfigurationIsVisible = 0;
			defaultConfigurationName = Release;
		};
		9D1032252181575700A63E4F /* Build configuration list for PBXNativeTarget "CollageBot" */ = {
			isa = XCConfigurationList;
			buildConfigurations = (
				9D1032262181575700A63E4F /* Debug */,
				9D1032272181575700A63E4F /* Release */,
			);
			defaultConfigurationIsVisible = 0;
			defaultConfigurationName = Release;
		};
/* End XCConfigurationList section */
	};
	rootObject = 9D10320B2181575600A63E4F /* Project object */;
}
